
Microsoft Visual Studio Solution File, Format Version 12.00
# Visual Studio 2015
Project("{FAE04EC0-301F-11D3-BF4B-00C04F79EFBC}") = "Rextuff.CSharp", "Rextuff.CSharp.csproj", "{CBA09519-8044-6849-5A91-327C9EC607B7}"
EndProject
Global
	GlobalSection(SolutionConfigurationPlatforms) = preSolution
		Debug|Any CPU = Debug|Any CPU
		Release|Any CPU = Release|Any CPU
	EndGlobalSection
	GlobalSection(ProjectConfigurationPlatforms) = postSolution
		{CBA09519-8044-6849-5A91-327C9EC607B7}.Debug|Any CPU.ActiveCfg = Debug|Any CPU
		{CBA09519-8044-6849-5A91-327C9EC607B7}.Debug|Any CPU.Build.0 = Debug|Any CPU
		{CBA09519-8044-6849-5A91-327C9EC607B7}.Release|Any CPU.ActiveCfg = Release|Any CPU
		{CBA09519-8044-6849-5A91-327C9EC607B7}.Release|Any CPU.Build.0 = Release|Any CPU
	EndGlobalSection
	GlobalSection(SolutionProperties) = preSolution
		HideSolutionNode = FALSE
	EndGlobalSection
EndGlobal
